
Microsoft Visual Studio Solution File, Format Version 12.00
# Visual Studio Version 16
VisualStudioVersion = 16.0.30804.86
MinimumVisualStudioVersion = 10.0.40219.1
Project("{FAE04EC0-301F-11D3-BF4B-00C04F79EFBC}") = "FiscEmailAutomationToolV1", "FiscEmailAutomationToolV1\FiscEmailAutomationToolV1.csproj", "{7BC31028-9812-44DE-A575-47E84A568889}"
EndProject
Global
	GlobalSection(SolutionConfigurationPlatforms) = preSolution
		Debug|Any CPU = Debug|Any CPU
		Release|Any CPU = Release|Any CPU
	EndGlobalSection
	GlobalSection(ProjectConfigurationPlatforms) = postSolution
		{7BC31028-9812-44DE-A575-47E84A568889}.Debug|Any CPU.ActiveCfg = Debug|Any CPU
		{7BC31028-9812-44DE-A575-47E84A568889}.Debug|Any CPU.Build.0 = Debug|Any CPU
		{7BC31028-9812-44DE-A575-47E84A568889}.Release|Any CPU.ActiveCfg = Release|Any CPU
		{7BC31028-9812-44DE-A575-47E84A568889}.Release|Any CPU.Build.0 = Release|Any CPU
	EndGlobalSection
	GlobalSection(SolutionProperties) = preSolution
		HideSolutionNode = FALSE
	EndGlobalSection
	GlobalSection(ExtensibilityGlobals) = postSolution
		SolutionGuid = {A636D664-FE2A-4693-B6EC-CA50A84E8795}
	EndGlobalSection
EndGlobal
